<?xml version="1.0" encoding="utf-8"?>
<Project ToolsVersion="4.0" xmlns="http://schemas.microsoft.com/developer/msbuild/2003">
  <ItemGroup>
    <ClInclude Include="stdafx.h" />
    <ClInclude Include="filters\BiQuad.h">
      <Filter>filters</Filter>
    </ClInclude>
    <ClInclude Include="filters\BiQuadCommand.h">
      <Filter>filters</Filter>
    </ClInclude>
    <ClInclude Include="filters\BiQuadFilter.h">
      <Filter>filters</Filter>
    </ClInclude>
    <ClInclude Include="filters\BiQuadFilterFactory.h">
      <Filter>filters</Filter>
    </ClInclude>
    <ClInclude Include="filters\BiQuadKernelPlan.h">
      <Filter>filters</Filter>
    </ClInclude>
    <ClInclude Include="filters\ChannelCommand.h">
      <Filter>filters</Filter>
    </ClInclude>
    <ClInclude Include="filters\ChannelFilter.h">
      <Filter>filters</Filter>
    </ClInclude>
    <ClInclude Include="filters\ConvolutionCommand.h">
      <Filter>filters</Filter>
    </ClInclude>
    <ClInclude Include="filters\ChannelFilterFactory.h">
      <Filter>filters</Filter>
    </ClInclude>
    <ClInclude Include="filters\ConvolutionFilter.h">
      <Filter>filters</Filter>
    </ClInclude>
    <ClInclude Include="filters\ConvolutionFilePath.h">
      <Filter>filters</Filter>
    </ClInclude>
    <ClInclude Include="filters\ConvolutionFilterFactory.h">
      <Filter>filters</Filter>
    </ClInclude>
    <ClInclude Include="filters\IrCache.h">
      <Filter>filters</Filter>
    </ClInclude>
    <ClInclude Include="filters\subwooferRouting\SubwooferRoutingCommand.h">
      <Filter>filters\subwooferRouting</Filter>
    </ClInclude>
    <ClInclude Include="filters\subwooferRouting\SubwooferRoutingFilter.h">
      <Filter>filters\subwooferRouting</Filter>
    </ClInclude>
    <ClInclude Include="filters\subwooferRouting\SubwooferRoutingFilterFactory.h">
      <Filter>filters\subwooferRouting</Filter>
    </ClInclude>
    <ClInclude Include="filters\HilbertCommand.h"><Filter>filters</Filter></ClInclude>
    <ClInclude Include="filters\HilbertFilter.h"><Filter>filters</Filter></ClInclude>
    <ClInclude Include="filters\HilbertFilterFactory.h"><Filter>filters</Filter></ClInclude>
    <ClInclude Include="filters\VelvetCommand.h"><Filter>filters</Filter></ClInclude>
    <ClInclude Include="filters\VelvetFilter.h"><Filter>filters</Filter></ClInclude>
    <ClInclude Include="filters\VelvetFilterFactory.h"><Filter>filters</Filter></ClInclude>
    <ClInclude Include="filters\velvet\Processor.h"><Filter>filters\velvet</Filter></ClInclude>
    <ClInclude Include="filters\CopyFilter.h">
      <Filter>filters</Filter>
    </ClInclude>
    <ClInclude Include="filters\CopyFilterFactory.h">
      <Filter>filters</Filter>
    </ClInclude>
    <ClInclude Include="filters\DelayCommand.h">
      <Filter>filters</Filter>
    </ClInclude>
    <ClInclude Include="filters\DelayFilter.h">
      <Filter>filters</Filter>
    </ClInclude>
    <ClInclude Include="filters\DelayFilterFactory.h">
      <Filter>filters</Filter>
    </ClInclude>
    <ClInclude Include="filters\DeviceCommand.h">
      <Filter>filters</Filter>
    </ClInclude>
    <ClInclude Include="filters\DeviceFilterFactory.h">
      <Filter>filters</Filter>
    </ClInclude>
    <ClInclude Include="filters\ExpressionCommand.h">
      <Filter>filters</Filter>
    </ClInclude>
    <ClInclude Include="filters\ExpressionFilterFactory.h">
      <Filter>filters</Filter>
    </ClInclude>
    <ClInclude Include="filters\GraphicEQCommand.h">
      <Filter>filters</Filter>
    </ClInclude>
    <ClInclude Include="filters\GraphicEQFilter.h">
      <Filter>filters</Filter>
    </ClInclude>
    <ClInclude Include="filters\GraphicEQFilterFactory.h">
      <Filter>filters</Filter>
    </ClInclude>
    <ClInclude Include="filters\IfCommand.h">
      <Filter>filters</Filter>
    </ClInclude>
    <ClInclude Include="filters\IfFilterFactory.h">
      <Filter>filters</Filter>
    </ClInclude>
    <ClInclude Include="filters\IIRCommand.h">
      <Filter>filters</Filter>
    </ClInclude>
    <ClInclude Include="filters\IIRFilter.h">
      <Filter>filters</Filter>
    </ClInclude>
    <ClInclude Include="filters\IIRFilterFactory.h">
      <Filter>filters</Filter>
    </ClInclude>
    <ClInclude Include="filters\IncludeCommand.h">
      <Filter>filters</Filter>
    </ClInclude>
    <ClInclude Include="filters\IncludeFilterFactory.h">
      <Filter>filters</Filter>
    </ClInclude>
    <ClInclude Include="filters\PreampCommand.h">
      <Filter>filters</Filter>
    </ClInclude>
    <ClInclude Include="filters\PreampFilter.h">
      <Filter>filters</Filter>
    </ClInclude>
    <ClInclude Include="filters\PreampFilterFactory.h">
      <Filter>filters</Filter>
    </ClInclude>
    <ClInclude Include="filters\StageCommand.h">
      <Filter>filters</Filter>
    </ClInclude>
    <ClInclude Include="filters\StageFilterFactory.h">
      <Filter>filters</Filter>
    </ClInclude>
    <ClInclude Include="filters\VSTPluginCommand.h">
      <Filter>filters</Filter>
    </ClInclude>
    <ClInclude Include="filters\VSTPluginFilter.h">
      <Filter>filters</Filter>
    </ClInclude>
    <ClInclude Include="filters\VSTPluginFilterFactory.h">
      <Filter>filters</Filter>
    </ClInclude>
    <ClInclude Include="vst\AbstractLibrary.h">
      <Filter>helpers</Filter>
    </ClInclude>
    <ClInclude Include="vst\aeffectx.h">
      <Filter>helpers</Filter>
    </ClInclude>
    <ClInclude Include="helpers\ChannelHelper.h">
      <Filter>helpers</Filter>
    </ClInclude>
    <ClInclude Include="helpers\ComBoundary.h">
      <Filter>helpers</Filter>
    </ClInclude>
    <ClInclude Include="helpers\FileSharingRetry.h">
      <Filter>helpers</Filter>
    </ClInclude>
    <ClInclude Include="helpers\GainIterator.h">
      <Filter>helpers</Filter>
    </ClInclude>
    <ClInclude Include="helpers\ClsidRegistration.h">
      <Filter>helpers</Filter>
    </ClInclude>
    <ClInclude Include="filters\ConvolverMuteDiagnostics.h">
      <Filter>filters</Filter>
    </ClInclude>
    <ClInclude Include="helpers\IRegistry.h">
      <Filter>helpers</Filter>
    </ClInclude>
    <ClInclude Include="helpers\RegistryTransaction.h">
      <Filter>helpers</Filter>
    </ClInclude>
    <ClInclude Include="helpers\WindowsVersion.h">
      <Filter>helpers</Filter>
    </ClInclude>
    <ClInclude Include="helpers\LogHelper.h">
      <Filter>helpers</Filter>
    </ClInclude>
    <ClInclude Include="helpers\FftwRAII.h">
      <Filter>helpers</Filter>
    </ClInclude>
    <ClInclude Include="helpers\FftwPlanningPolicy.h">
      <Filter>helpers</Filter>
    </ClInclude>
    <ClInclude Include="helpers\MemoryHelper.h">
      <Filter>helpers</Filter>
    </ClInclude>
    <ClInclude Include="helpers\ParallelExecutor.h">
      <Filter>helpers</Filter>
    </ClInclude>
    <ClInclude Include="helpers\Win32Resource.h">
      <Filter>Header Files</Filter>
    </ClInclude>
    <ClInclude Include="helpers\PerfProfile.h">
      <Filter>helpers</Filter>
    </ClInclude>
    <ClInclude Include="helpers\PrecisionTimer.h">
      <Filter>helpers</Filter>
    </ClInclude>
    <ClInclude Include="helpers\RegistryHelper.h">
      <Filter>helpers</Filter>
    </ClInclude>
    <ClInclude Include="helpers\ScopeGuard.h">
      <Filter>helpers</Filter>
    </ClInclude>
    <ClInclude Include="helpers\SndfileRAII.h">
      <Filter>helpers</Filter>
    </ClInclude>
    <ClInclude Include="helpers\StringHelper.h">
      <Filter>helpers</Filter>
    </ClInclude>
    <ClInclude Include="helpers\UncaughtExceptions.h">
      <Filter>helpers</Filter>
    </ClInclude>
    <ClInclude Include="vst\VSTPluginInstance.h">
      <Filter>helpers</Filter>
    </ClInclude>
    <ClInclude Include="vst\VST3HostObjects.h">
      <Filter>helpers</Filter>
    </ClInclude>
    <ClInclude Include="vst\VSTPluginInstanceInternal.h">
      <Filter>helpers</Filter>
    </ClInclude>
    <ClInclude Include="vst\VSTPluginLibrary.h">
      <Filter>helpers</Filter>
    </ClInclude>
    <ClInclude Include="libHybridConv-0.1.1\libHybridConv_eapo.h">
      <Filter>libHybridConv-0.1.1</Filter>
    </ClInclude>
    <ClInclude Include="parser\RegexFunctions.h">
      <Filter>parser</Filter>
    </ClInclude>
    <ClInclude Include="parser\RegistryFunctions.h">
      <Filter>parser</Filter>
    </ClInclude>
    <ClInclude Include="parser\ParserExtensions.h">
      <Filter>parser</Filter>
    </ClInclude>
    <ClInclude Include="parser\EngineParser.h">
      <Filter>parser</Filter>
    </ClInclude>
    <ClInclude Include="parser\StringOperators.h">
      <Filter>parser</Filter>
    </ClInclude>
    <ClInclude Include="devices\VoicemeeterAPOInfo.h" />
    <ClInclude Include="devices\AbstractAPOInfo.h" />
    <ClInclude Include="engine\ConfigLoadTrace.h" />
    <ClInclude Include="engine\ConfigurationFileReader.h" />
    <ClInclude Include="devices\DeviceAPOInfo.h" />
    <ClInclude Include="engine\ConfigSwapChannel.h" />
    <ClInclude Include="engine\ConfigWatcher.h" />
    <ClInclude Include="engine\FilterConfiguration.h" />
    <ClInclude Include="engine\FilterEngine.h" />
    <ClInclude Include="engine\IFilter.h" />
    <ClInclude Include="engine\IFilterFactory.h" />
    <ClInclude Include="filters\loudnessCorrection\LoudnessCorrectionCommand.h">
      <Filter>filters\loudnessCorrection</Filter>
    </ClInclude>
    <ClInclude Include="filters\loudnessCorrection\VolumeController.h">
      <Filter>filters\loudnessCorrection</Filter>
    </ClInclude>
    <ClInclude Include="filters\loudnessCorrection\LoudnessCorrectionFilterFactory.h">
      <Filter>filters\loudnessCorrection</Filter>
    </ClInclude>
    <ClInclude Include="filters\loudnessCorrection\LoudnessCorrectionFilter.h">
      <Filter>filters\loudnessCorrection</Filter>
    </ClInclude>
    <ClInclude Include="parser\LogicalOperators.h">
      <Filter>parser</Filter>
    </ClInclude>
  </ItemGroup>
  <ItemGroup>
    <ClCompile Include="stdafx.cpp" />
    <ClCompile Include="filters\BiQuad.cpp">
      <Filter>filters</Filter>
    </ClCompile>
    <ClCompile Include="filters\BiQuadCommand.cpp">
      <Filter>filters</Filter>
    </ClCompile>
    <ClCompile Include="filters\BiQuadFilter.cpp">
      <Filter>filters</Filter>
    </ClCompile>
    <ClCompile Include="filters\BiQuadFilterFactory.cpp">
      <Filter>filters</Filter>
    </ClCompile>
    <ClCompile Include="filters\ChannelCommand.cpp">
      <Filter>filters</Filter>
    </ClCompile>
    <ClCompile Include="filters\ConvolutionCommand.cpp">
      <Filter>filters</Filter>
    </ClCompile>
    <ClCompile Include="filters\ChannelFilter.cpp">
      <Filter>filters</Filter>
    </ClCompile>
    <ClCompile Include="filters\ChannelFilterFactory.cpp">
      <Filter>filters</Filter>
    </ClCompile>
    <ClCompile Include="filters\ConvolutionFilter.cpp">
      <Filter>filters</Filter>
    </ClCompile>
    <ClCompile Include="filters\ConvolutionFilePath.cpp">
      <Filter>filters</Filter>
    </ClCompile>
    <ClCompile Include="filters\ConvolutionFilterFactory.cpp">
      <Filter>filters</Filter>
    </ClCompile>
    <ClCompile Include="filters\IrCache.cpp">
      <Filter>filters</Filter>
    </ClCompile>
    <ClCompile Include="filters\subwooferRouting\SubwooferRoutingCommand.cpp">
      <Filter>filters\subwooferRouting</Filter>
    </ClCompile>
    <ClCompile Include="filters\subwooferRouting\SubwooferRoutingFilter.cpp">
      <Filter>filters\subwooferRouting</Filter>
    </ClCompile>
    <ClCompile Include="filters\subwooferRouting\SubwooferRoutingFilterFactory.cpp">
      <Filter>filters\subwooferRouting</Filter>
    </ClCompile>
    <ClCompile Include="filters\HilbertCommand.cpp"><Filter>filters</Filter></ClCompile>
    <ClCompile Include="filters\HilbertFilter.cpp"><Filter>filters</Filter></ClCompile>
    <ClCompile Include="filters\HilbertFilterFactory.cpp"><Filter>filters</Filter></ClCompile>
    <ClCompile Include="filters\VelvetCommand.cpp"><Filter>filters</Filter></ClCompile>
    <ClCompile Include="filters\VelvetFilter.cpp"><Filter>filters</Filter></ClCompile>
    <ClCompile Include="filters\VelvetFilterFactory.cpp"><Filter>filters</Filter></ClCompile>
    <ClCompile Include="filters\velvet\Processor.cpp"><Filter>filters\velvet</Filter></ClCompile>
    <ClCompile Include="filters\CopyFilter.cpp">
      <Filter>filters</Filter>
    </ClCompile>
    <ClCompile Include="filters\CopyFilterFactory.cpp">
      <Filter>filters</Filter>
    </ClCompile>
    <ClCompile Include="filters\DelayCommand.cpp">
      <Filter>filters</Filter>
    </ClCompile>
    <ClCompile Include="filters\DelayFilter.cpp">
      <Filter>filters</Filter>
    </ClCompile>
    <ClCompile Include="filters\DelayFilterFactory.cpp">
      <Filter>filters</Filter>
    </ClCompile>
    <ClCompile Include="filters\DeviceCommand.cpp">
      <Filter>filters</Filter>
    </ClCompile>
    <ClCompile Include="filters\DeviceFilterFactory.cpp">
      <Filter>filters</Filter>
    </ClCompile>
    <ClCompile Include="filters\ExpressionCommand.cpp">
      <Filter>filters</Filter>
    </ClCompile>
    <ClCompile Include="filters\ExpressionFilterFactory.cpp">
      <Filter>filters</Filter>
    </ClCompile>
    <ClCompile Include="filters\GraphicEQCommand.cpp">
      <Filter>filters</Filter>
    </ClCompile>
    <ClCompile Include="filters\GraphicEQFilter.cpp">
      <Filter>filters</Filter>
    </ClCompile>
    <ClCompile Include="filters\GraphicEQFilterFactory.cpp">
      <Filter>filters</Filter>
    </ClCompile>
    <ClCompile Include="filters\IfCommand.cpp">
      <Filter>filters</Filter>
    </ClCompile>
    <ClCompile Include="filters\IfFilterFactory.cpp">
      <Filter>filters</Filter>
    </ClCompile>
    <ClCompile Include="filters\IIRCommand.cpp">
      <Filter>filters</Filter>
    </ClCompile>
    <ClCompile Include="filters\IIRFilter.cpp">
      <Filter>filters</Filter>
    </ClCompile>
    <ClCompile Include="filters\IIRFilterFactory.cpp">
      <Filter>filters</Filter>
    </ClCompile>
    <ClCompile Include="filters\IncludeCommand.cpp">
      <Filter>filters</Filter>
    </ClCompile>
    <ClCompile Include="filters\IncludeFilterFactory.cpp">
      <Filter>filters</Filter>
    </ClCompile>
    <ClCompile Include="filters\PreampCommand.cpp">
      <Filter>filters</Filter>
    </ClCompile>
    <ClCompile Include="filters\PreampFilter.cpp">
      <Filter>filters</Filter>
    </ClCompile>
    <ClCompile Include="filters\PreampFilterFactory.cpp">
      <Filter>filters</Filter>
    </ClCompile>
    <ClCompile Include="filters\StageCommand.cpp">
      <Filter>filters</Filter>
    </ClCompile>
    <ClCompile Include="filters\StageFilterFactory.cpp">
      <Filter>filters</Filter>
    </ClCompile>
    <ClCompile Include="filters\VSTPluginCommand.cpp">
      <Filter>filters</Filter>
    </ClCompile>
    <ClCompile Include="filters\VSTPluginFilter.cpp">
      <Filter>filters</Filter>
    </ClCompile>
    <ClCompile Include="filters\VSTPluginFilterFactory.cpp">
      <Filter>filters</Filter>
    </ClCompile>
    <ClCompile Include="vst\AbstractLibrary.cpp">
      <Filter>helpers</Filter>
    </ClCompile>
    <ClCompile Include="helpers\ChannelHelper.cpp">
      <Filter>helpers</Filter>
    </ClCompile>
    <ClCompile Include="helpers\GainIterator.cpp">
      <Filter>helpers</Filter>
    </ClCompile>
    <ClCompile Include="helpers\ClsidRegistration.cpp">
      <Filter>helpers</Filter>
    </ClCompile>
    <ClCompile Include="helpers\IRegistry.cpp">
      <Filter>helpers</Filter>
    </ClCompile>
    <ClCompile Include="helpers\RegistryTransaction.cpp">
      <Filter>helpers</Filter>
    </ClCompile>
    <ClCompile Include="helpers\WindowsVersion.cpp">
      <Filter>helpers</Filter>
    </ClCompile>
    <ClCompile Include="helpers\LogHelper.cpp">
      <Filter>helpers</Filter>
    </ClCompile>
    <ClCompile Include="helpers\MemoryHelper.cpp">
      <Filter>helpers</Filter>
    </ClCompile>
    <ClCompile Include="helpers\ParallelExecutor.cpp">
      <Filter>helpers</Filter>
    </ClCompile>
    <ClCompile Include="helpers\PerfProfile.cpp">
      <Filter>helpers</Filter>
    </ClCompile>
    <ClCompile Include="helpers\RegistryHelper.cpp">
      <Filter>helpers</Filter>
    </ClCompile>
    <ClCompile Include="helpers\StringHelper.cpp">
      <Filter>helpers</Filter>
    </ClCompile>
    <ClCompile Include="vst\VST3PluginIIDs.cpp">
      <Filter>helpers</Filter>
    </ClCompile>
    <ClCompile Include="vst\VSTPluginInstance.cpp">
      <Filter>helpers</Filter>
    </ClCompile>
    <ClCompile Include="vst\VSTPluginInstance.Editor.cpp">
      <Filter>helpers</Filter>
    </ClCompile>
    <ClCompile Include="vst\VSTPluginInstance.State.cpp">
      <Filter>helpers</Filter>
    </ClCompile>
    <ClCompile Include="vst\VSTPluginInstance.VST2.cpp">
      <Filter>helpers</Filter>
    </ClCompile>
    <ClCompile Include="vst\VSTPluginInstance.VST3.cpp">
      <Filter>helpers</Filter>
    </ClCompile>
    <ClCompile Include="vst\VSTPluginLibrary.cpp">
      <Filter>helpers</Filter>
    </ClCompile>
    <ClCompile Include="libHybridConv-0.1.1\libHybridConv_eapo.cpp">
      <Filter>libHybridConv-0.1.1</Filter>
    </ClCompile>
    <ClCompile Include="helpers\FftwPlanningPolicy.cpp">
      <Filter>helpers</Filter>
    </ClCompile>
    <ClCompile Include="parser\ParserExtensions.cpp">
      <Filter>parser</Filter>
    </ClCompile>
    <ClCompile Include="parser\EngineParser.cpp">
      <Filter>parser</Filter>
    </ClCompile>
    <ClCompile Include="parser\RegexFunctions.cpp">
      <Filter>parser</Filter>
    </ClCompile>
    <ClCompile Include="parser\RegistryFunctions.cpp">
      <Filter>parser</Filter>
    </ClCompile>
    <ClCompile Include="parser\StringOperators.cpp">
      <Filter>parser</Filter>
    </ClCompile>
    <ClCompile Include="devices\VoicemeeterAPOInfo.cpp" />
    <ClCompile Include="devices\AbstractAPOInfo.cpp" />
    <ClCompile Include="engine\ConfigurationFileReader.cpp" />
    <ClCompile Include="devices\DeviceAPOInfo.cpp" />
    <ClCompile Include="devices\DeviceAPOInfo.Install.cpp" />
    <ClCompile Include="devices\DeviceAPOInfo.Load.cpp" />
    <ClCompile Include="devices\DeviceAPOInfo.State.cpp" />
    <ClCompile Include="devices\DeviceAPOInfo.Uninstall.cpp" />
    <ClCompile Include="devices\DeviceInstallReport.cpp" />
    <ClCompile Include="engine\FilterConfiguration.cpp" />
    <ClCompile Include="engine\FilterEngine.cpp" />
    <ClCompile Include="engine\FilterEngine.Configuration.cpp" />
    <ClCompile Include="engine\FilterEngine.Process.cpp" />
    <ClCompile Include="engine\FilterEngine.Runtime.cpp" />
    <ClCompile Include="engine\ConfigWatcher.cpp" />
    <ClCompile Include="filters\FilterFactoryRegistry.cpp" />
    <ClCompile Include="engine\IFilter.cpp" />
    <ClCompile Include="filters\loudnessCorrection\VolumeController.cpp">
      <Filter>filters\loudnessCorrection</Filter>
    </ClCompile>
    <ClCompile Include="filters\loudnessCorrection\LoudnessCorrectionCommand.cpp">
      <Filter>filters\loudnessCorrection</Filter>
    </ClCompile>
    <ClCompile Include="filters\loudnessCorrection\LoudnessCorrectionFilterFactory.cpp">
      <Filter>filters\loudnessCorrection</Filter>
    </ClCompile>
    <ClCompile Include="filters\loudnessCorrection\LoudnessCorrectionFilter.cpp">
      <Filter>filters\loudnessCorrection</Filter>
    </ClCompile>
    <ClCompile Include="parser\LogicalOperators.cpp">
      <Filter>parser</Filter>
    </ClCompile>
  </ItemGroup>
  <ItemGroup>
    <Filter Include="filters">
      <UniqueIdentifier>{b8ae5fab-edba-40a4-b387-18079935b5ba}</UniqueIdentifier>
    </Filter>
    <Filter Include="helpers">
      <UniqueIdentifier>{25ac0a12-b62f-4862-90ba-30f97623714b}</UniqueIdentifier>
    </Filter>
    <Filter Include="libHybridConv-0.1.1">
      <UniqueIdentifier>{4c157803-cb45-40b5-b4d5-25bf8dbcc6e6}</UniqueIdentifier>
    </Filter>
    <Filter Include="parser">
      <UniqueIdentifier>{4a6738bc-7359-4b18-bdb4-1f443f41e528}</UniqueIdentifier>
    </Filter>
    <Filter Include="filters\loudnessCorrection">
      <UniqueIdentifier>{c473f978-6002-42aa-adf5-3b5f10868d2d}</UniqueIdentifier>
    </Filter>
    <Filter Include="filters\subwooferRouting">
      <UniqueIdentifier>{79d2e3c6-5f68-4e60-9dbe-43972105c4b9}</UniqueIdentifier>
    </Filter>
    <Filter Include="filters\velvet">
      <UniqueIdentifier>{0ce9cc67-a2b9-4a19-bdd0-b467f8a5c2d4}</UniqueIdentifier>
    </Filter>
  </ItemGroup>
  <ItemGroup>
    <None Include="EqualizerAPO.licenseheader" />
  </ItemGroup>
</Project>
