<?xml version="1.0" encoding="utf-8"?>
<Project ToolsVersion="4.0" xmlns="http://schemas.microsoft.com/developer/msbuild/2003">
  <ItemGroup>
    <Filter Include="Source Files">
      <UniqueIdentifier>{0167E836-1F1A-4092-91F9-4F2CD1E2EC75}</UniqueIdentifier>
      <Extensions>cpp;c;cc;cxx;c++;cppm;ixx;def;odl;idl;hpj;bat;asm;asmx</Extensions>
    </Filter>
    <Filter Include="Header Files">
      <UniqueIdentifier>{B7F3C3D0-1790-4FA8-A213-7EE08B9215B8}</UniqueIdentifier>
      <Extensions>h;hh;hpp;hxx;h++;hm;inl;inc;ipp;xsd</Extensions>
    </Filter>
  </ItemGroup>
  <ItemGroup>
    <ClCompile Include="HybridConvTests.cpp">
      <Filter>Source Files</Filter>
    </ClCompile>
    <ClCompile Include="AllPassTests.cpp">
      <Filter>Source Files</Filter>
    </ClCompile>
    <ClCompile Include="BiQuadKernelTests.cpp">
      <Filter>Source Files</Filter>
    </ClCompile>
    <ClCompile Include="ChannelCommandTests.cpp">
      <Filter>Source Files</Filter>
    </ClCompile>
    <ClCompile Include="ConvolutionCommandTests.cpp">
      <Filter>Source Files</Filter>
    </ClCompile>
    <ClCompile Include="CopyCommandTests.cpp">
      <Filter>Source Files</Filter>
    </ClCompile>
    <ClCompile Include="DelayCommandTests.cpp">
      <Filter>Source Files</Filter>
    </ClCompile>
    <ClCompile Include="DeviceCommandTests.cpp">
      <Filter>Source Files</Filter>
    </ClCompile>
    <ClCompile Include="ExpressionCommandTests.cpp">
      <Filter>Source Files</Filter>
    </ClCompile>
    <ClCompile Include="FilterFactoryRegistryTests.cpp">
      <Filter>Source Files</Filter>
    </ClCompile>
    <ClCompile Include="GraphicEQCommandTests.cpp">
      <Filter>Source Files</Filter>
    </ClCompile>
    <ClCompile Include="HilbertVelvetTests.cpp">
      <Filter>Source Files</Filter>
    </ClCompile>
    <ClCompile Include="IfCommandTests.cpp">
      <Filter>Source Files</Filter>
    </ClCompile>
    <ClCompile Include="IIRCommandTests.cpp">
      <Filter>Source Files</Filter>
    </ClCompile>
    <ClCompile Include="IncludeCommandTests.cpp">
      <Filter>Source Files</Filter>
    </ClCompile>
    <ClCompile Include="LoudnessCorrectionCommandTests.cpp">
      <Filter>Source Files</Filter>
    </ClCompile>
    <ClCompile Include="StageCommandTests.cpp">
      <Filter>Source Files</Filter>
    </ClCompile>
    <ClCompile Include="VSTPluginCommandTests.cpp">
      <Filter>Source Files</Filter>
    </ClCompile>
    <ClCompile Include="VstHostTests.cpp">
      <Filter>Source Files</Filter>
    </ClCompile>
    <ClCompile Include="Vst3HostTests.cpp">
      <Filter>Source Files</Filter>
    </ClCompile>
    <ClCompile Include="ParserPreampTests.cpp">
      <Filter>Source Files</Filter>
    </ClCompile>
  </ItemGroup>
  <ItemGroup>
    <ClInclude Include="..\..\filters\ConvolutionFilePath.h">
      <Filter>Header Files</Filter>
    </ClInclude>
    <ClInclude Include="..\..\libHybridConv-0.1.1\libHybridConv_eapo.h">
      <Filter>Header Files</Filter>
    </ClInclude>
    <ClInclude Include="..\TestVst3Plugin\TestVst3Protocol.h">
      <Filter>Header Files</Filter>
    </ClInclude>
  </ItemGroup>
</Project>
