<?xml version="1.0" encoding="utf-8"?>
<Project ToolsVersion="4.0" xmlns="http://schemas.microsoft.com/developer/msbuild/2003">
  <ItemGroup>
    <Filter Include="Source Files">
      <UniqueIdentifier>{B833EC29-D76F-4750-BCAA-93E35C676915}</UniqueIdentifier>
      <Extensions>cpp;c;cc;cxx;c++;cppm;ixx;def;odl;idl;hpj;bat;asm;asmx</Extensions>
    </Filter>
    <Filter Include="Header Files">
      <UniqueIdentifier>{F1C82923-E608-4922-A99C-584860912963}</UniqueIdentifier>
      <Extensions>h;hh;hpp;hxx;h++;hm;inl;inc;ipp;xsd</Extensions>
    </Filter>
  </ItemGroup>
  <ItemGroup>
    <ClCompile Include="EditorLogicTests.cpp">
      <Filter>Source Files</Filter>
    </ClCompile>
    <ClCompile Include="AnalysisResponseTests.cpp">
      <Filter>Source Files</Filter>
    </ClCompile>
    <ClCompile Include="ResponseCurveBuilderTests.cpp">
      <Filter>Source Files</Filter>
    </ClCompile>
    <ClCompile Include="PhaseCurveTests.cpp">
      <Filter>Source Files</Filter>
    </ClCompile>
    <ClCompile Include="BiQuadWidthConversionTests.cpp">
      <Filter>Source Files</Filter>
    </ClCompile>
    <ClCompile Include="..\..\Editor\guis\BiQuadWidthConversion.cpp">
      <Filter>Source Files</Filter>
    </ClCompile>
    <ClCompile Include="..\..\Editor\analysis\AnalysisResponse.cpp">
      <Filter>Source Files</Filter>
    </ClCompile>
    <ClCompile Include="..\..\Editor\analysis\ResponseCurveBuilder.cpp">
      <Filter>Source Files</Filter>
    </ClCompile>
    <ClCompile Include="..\..\Editor\helpers\ConvolutionPathHelper.cpp">
      <Filter>Source Files</Filter>
    </ClCompile>
    <ClCompile Include="..\..\Editor\helpers\VSTPreviewEndpoint.cpp">
      <Filter>Source Files</Filter>
    </ClCompile>
    <ClCompile Include="..\..\Editor\import\ConfigDependencyScanner.cpp">
      <Filter>Source Files</Filter>
    </ClCompile>
    <ClCompile Include="..\..\Editor\import\ImportExecutor.cpp">
      <Filter>Source Files</Filter>
    </ClCompile>
    <ClCompile Include="..\..\Editor\widgets\FilterCardModel.cpp">
      <Filter>Source Files</Filter>
    </ClCompile>
    <ClCompile Include="..\..\Editor\widgets\FilterCommandCatalog.cpp">
      <Filter>Source Files</Filter>
    </ClCompile>
    <ClCompile Include="..\..\Editor\widgets\FilterPickerModel.cpp">
      <Filter>Source Files</Filter>
    </ClCompile>
    <ClCompile Include="..\..\helpers\AudioEngineAccess.cpp">
      <Filter>Source Files</Filter>
    </ClCompile>
    <ClCompile Include="..\..\Editor\helpers\VstChunkScan.cpp">
      <Filter>Source Files</Filter>
    </ClCompile>
    <ClCompile Include="FilterCommandCatalogTests.cpp">
      <Filter>Source Files</Filter>
    </ClCompile>
    <ClCompile Include="VSTPreviewEndpointTests.cpp">
      <Filter>Source Files</Filter>
    </ClCompile>
    <ClCompile Include="SkinThemeTests.cpp">
      <Filter>Source Files</Filter>
    </ClCompile>
    <ClCompile Include="FilterPickerModelTests.cpp">
      <Filter>Source Files</Filter>
    </ClCompile>
    <ClCompile Include="ReferenceCardStateTests.cpp">
      <Filter>Source Files</Filter>
    </ClCompile>
    <ClCompile Include="AutoInstallerLogicTests.cpp">
      <Filter>Source Files</Filter>
    </ClCompile>
    <ClCompile Include="FilterCardModelTests.cpp">
      <Filter>Source Files</Filter>
    </ClCompile>
    <ClCompile Include="FilterListModelTests.cpp">
      <Filter>Source Files</Filter>
    </ClCompile>
    <ClCompile Include="ConfigImportTests.cpp">
      <Filter>Source Files</Filter>
    </ClCompile>
    <ClCompile Include="UpdateCheckerTests.cpp">
      <Filter>Source Files</Filter>
    </ClCompile>
    <ClCompile Include="SelectionModelTests.cpp">
      <Filter>Source Files</Filter>
    </ClCompile>
    <ClCompile Include="RoutingModelTests.cpp">
      <Filter>Source Files</Filter>
    </ClCompile>
    <ClCompile Include="SubwooferRoutingTests.cpp">
      <Filter>Source Files</Filter>
    </ClCompile>
    <ClCompile Include="UpdateSessionTests.cpp">
      <Filter>Source Files</Filter>
    </ClCompile>
    <ClCompile Include="..\..\services\update\UpdateSession.cpp">
      <Filter>Source Files</Filter>
    </ClCompile>
    <ClCompile Include="..\..\Installer\AutoInstallerLogic.cpp">
      <Filter>Source Files</Filter>
    </ClCompile>
    <ClCompile Include="..\..\Editor\widgets\cards\ChannelSelectionModel.cpp">
      <Filter>Source Files</Filter>
    </ClCompile>
    <ClCompile Include="..\..\UpdateChecker\UpdateInfoFormatter.cpp">
      <Filter>Source Files</Filter>
    </ClCompile>
    <ClCompile Include="..\..\UpdateChecker\VelopackUpdateInfo.cpp">
      <Filter>Source Files</Filter>
    </ClCompile>
    <ClCompile Include="..\..\Editor\skins\SkinThemeData.cpp">
      <Filter>Source Files</Filter>
    </ClCompile>
    <ClCompile Include="..\..\Editor\skins\CustomThemeStore.cpp">
      <Filter>Source Files</Filter>
    </ClCompile>
    <ClCompile Include="..\..\Editor\widgets\EditableValueText.cpp">
      <Filter>Source Files</Filter>
    </ClCompile>
    <ClCompile Include="..\..\Editor\widgets\cards\FileReferenceController.cpp">
      <Filter>Source Files</Filter>
    </ClCompile>
    <ClCompile Include="..\..\Editor\widgets\cards\ReferenceCardState.cpp">
      <Filter>Source Files</Filter>
    </ClCompile>
  </ItemGroup>
  <ItemGroup>
    <ClInclude Include="..\..\Benchmark\BatchPlan.h">
      <Filter>Header Files</Filter>
    </ClInclude>
    <ClInclude Include="..\..\Editor\helpers\ConvolutionPathHelper.h">
      <Filter>Header Files</Filter>
    </ClInclude>
    <ClInclude Include="..\..\Editor\helpers\VSTPreviewEndpoint.h">
      <Filter>Header Files</Filter>
    </ClInclude>
    <ClInclude Include="..\..\Editor\import\ConfigDependencyScanner.h">
      <Filter>Header Files</Filter>
    </ClInclude>
    <ClInclude Include="..\..\Editor\import\ImportExecutor.h">
      <Filter>Header Files</Filter>
    </ClInclude>
    <ClInclude Include="..\..\Editor\import\ImportManifest.h">
      <Filter>Header Files</Filter>
    </ClInclude>
    <ClInclude Include="..\..\Editor\widgets\FilterCardModel.h">
      <Filter>Header Files</Filter>
    </ClInclude>
    <ClInclude Include="..\..\Editor\widgets\FilterCommandCatalog.h">
      <Filter>Header Files</Filter>
    </ClInclude>
    <ClInclude Include="..\..\Editor\widgets\FilterPickerModel.h">
      <Filter>Header Files</Filter>
    </ClInclude>
    <ClInclude Include="..\..\Editor\helpers\VstChunkScan.h">
      <Filter>Header Files</Filter>
    </ClInclude>
    <ClInclude Include="..\..\Installer\AutoInstallerLogic.h">
      <Filter>Header Files</Filter>
    </ClInclude>
    <ClInclude Include="..\..\Editor\widgets\cards\ChannelSelectionModel.h">
      <Filter>Header Files</Filter>
    </ClInclude>
    <ClInclude Include="..\..\filters\ChannelCommand.h">
      <Filter>Header Files</Filter>
    </ClInclude>
    <ClInclude Include="..\..\UpdateChecker\UpdateInfoFormatter.h">
      <Filter>Header Files</Filter>
    </ClInclude>
    <ClInclude Include="..\..\UpdateChecker\VelopackUpdateInfo.h">
      <Filter>Header Files</Filter>
    </ClInclude>
    <ClInclude Include="..\..\services\update\UpdateSession.h">
      <Filter>Header Files</Filter>
    </ClInclude>
    <ClInclude Include="..\..\Editor\skins\SkinThemeData.h">
      <Filter>Header Files</Filter>
    </ClInclude>
    <ClInclude Include="..\..\Editor\skins\CustomThemeStore.h">
      <Filter>Header Files</Filter>
    </ClInclude>
    <ClInclude Include="..\..\Editor\widgets\EditableValueText.h">
      <Filter>Header Files</Filter>
    </ClInclude>
    <ClInclude Include="..\..\Editor\widgets\cards\FileReferenceController.h">
      <Filter>Header Files</Filter>
    </ClInclude>
  </ItemGroup>
</Project>
