<?xml version="1.0" encoding="utf-8"?>
<Project ToolsVersion="4.0" xmlns="http://schemas.microsoft.com/developer/msbuild/2003">
  <ItemGroup>
    <Filter Include="configs">
      <UniqueIdentifier>{1e9f7d3d-2c4a-4b78-86c8-9a3f4f7a1a01}</UniqueIdentifier>
    </Filter>
  </ItemGroup>
  <ItemGroup>
    <ClCompile Include="AudioRegressionTests.cpp" />
  </ItemGroup>
  <ItemGroup>
    <ClInclude Include="..\..\engine\FilterEngine.h" />
  </ItemGroup>
  <ItemGroup>
    <Text Include="configs\preamp_minus6.txt">
      <Filter>configs</Filter>
    </Text>
    <Text Include="configs\biquad_peaking_1khz.txt">
      <Filter>configs</Filter>
    </Text>
    <Text Include="configs\copy_crossfeed.txt">
      <Filter>configs</Filter>
    </Text>
    <Text Include="configs\delay_512.txt">
      <Filter>configs</Filter>
    </Text>
    <Text Include="configs\graphiceq_15band.txt">
      <Filter>configs</Filter>
    </Text>
  </ItemGroup>
</Project>
